
Microsoft Visual Studio Solution File, Format Version 12.00
# Visual Studio Version 17
VisualStudioVersion = 17.8.34525.116
MinimumVisualStudioVersion = 10.0.40219.1
Project("{FAE04EC0-301F-11D3-BF4B-00C04F79EFBC}") = "Assignment_3_windowsforms", "Assignment_3_windowsforms.csproj", "{082011ED-5353-4993-B394-A0176E672800}"
EndProject
Global
	GlobalSection(SolutionConfigurationPlatforms) = preSolution
		Debug|Any CPU = Debug|Any CPU
		Release|Any CPU = Release|Any CPU
	EndGlobalSection
	GlobalSection(ProjectConfigurationPlatforms) = postSolution
		{082011ED-5353-4993-B394-A0176E672800}.Debug|Any CPU.ActiveCfg = Debug|Any CPU
		{082011ED-5353-4993-B394-A0176E672800}.Debug|Any CPU.Build.0 = Debug|Any CPU
		{082011ED-5353-4993-B394-A0176E672800}.Release|Any CPU.ActiveCfg = Release|Any CPU
		{082011ED-5353-4993-B394-A0176E672800}.Release|Any CPU.Build.0 = Release|Any CPU
	EndGlobalSection
	GlobalSection(SolutionProperties) = preSolution
		HideSolutionNode = FALSE
	EndGlobalSection
	GlobalSection(ExtensibilityGlobals) = postSolution
		SolutionGuid = {A86F1138-5376-4CDB-A11A-78D1AFB4EF36}
	EndGlobalSection
EndGlobal
